// !$*UTF8*$!
{
	archiveVersion = 1;
	classes = {
	};
	objectVersion = 50;
	objects = {

/* Begin PBXBuildFile section */
		9B8064192103A1960093BAAF /* main.swift in Sources */ = {isa = PBXBuildFile; fileRef = 9B8064182103A1960093BAAF /* main.swift */; };
		9B8064202103A1A80093BAAF /* Employee.swift in Sources */ = {isa = PBXBuildFile; fileRef = 9B80641F2103A1A80093BAAF /* Employee.swift */; };
		9B8064242103A2D10093BAAF /* Protocol.swift in Sources */ = {isa = PBXBuildFile; fileRef = 9B8064232103A2D10093BAAF /* Protocol.swift */; };
		9B8064262103A57F0093BAAF /* PermanentEmp.swift in Sources */ = {isa = PBXBuildFile; fileRef = 9B8064252103A57F0093BAAF /* PermanentEmp.swift */; };
		9B8064282103AD030093BAAF /* TempEmp.swift in Sources */ = {isa = PBXBuildFile; fileRef = 9B8064272103AD030093BAAF /* TempEmp.swift */; };
		9B80642A2103B4950093BAAF /* Extensions.swift in Sources */ = {isa = PBXBuildFile; fileRef = 9B8064292103B4950093BAAF /* Extensions.swift */; };
/* End PBXBuildFile section */

/* Begin PBXCopyFilesBuildPhase section */
		9B8064132103A1960093BAAF /* CopyFiles */ = {
			isa = PBXCopyFilesBuildPhase;
			buildActionMask = 2147483647;
			dstPath = /usr/share/man/man1/;
			dstSubfolderSpec = 0;
			files = (
			);
			runOnlyForDeploymentPostprocessing = 1;
		};
/* End PBXCopyFilesBuildPhase section */

/* Begin PBXFileReference section */
		9B8064152103A1960093BAAF /* Day07 */ = {isa = PBXFileReference; explicitFileType = "compiled.mach-o.executable"; includeInIndex = 0; path = Day07; sourceTree = BUILT_PRODUCTS_DIR; };
		9B8064182103A1960093BAAF /* main.swift */ = {isa = PBXFileReference; lastKnownFileType = sourcecode.swift; path = main.swift; sourceTree = "<group>"; };
		9B80641F2103A1A80093BAAF /* Employee.swift */ = {isa = PBXFileReference; lastKnownFileType = sourcecode.swift; path = Employee.swift; sourceTree = "<group>"; };
		9B8064232103A2D10093BAAF /* Protocol.swift */ = {isa = PBXFileReference; lastKnownFileType = sourcecode.swift; path = Protocol.swift; sourceTree = "<group>"; };
		9B8064252103A57F0093BAAF /* PermanentEmp.swift */ = {isa = PBXFileReference; lastKnownFileType = sourcecode.swift; path = PermanentEmp.swift; sourceTree = "<group>"; };
		9B8064272103AD030093BAAF /* TempEmp.swift */ = {isa = PBXFileReference; lastKnownFileType = sourcecode.swift; path = TempEmp.swift; sourceTree = "<group>"; };
		9B8064292103B4950093BAAF /* Extensions.swift */ = {isa = PBXFileReference; lastKnownFileType = sourcecode.swift; path = Extensions.swift; sourceTree = "<group>"; };
/* End PBXFileReference section */

/* Begin PBXFrameworksBuildPhase section */
		9B8064122103A1960093BAAF /* Frameworks */ = {
			isa = PBXFrameworksBuildPhase;
			buildActionMask = 2147483647;
			files = (
			);
			runOnlyForDeploymentPostprocessing = 0;
		};
/* End PBXFrameworksBuildPhase section */

/* Begin PBXGroup section */
		9B80640C2103A1960093BAAF = {
			isa = PBXGroup;
			children = (
				9B8064172103A1960093BAAF /* Day07 */,
				9B8064162103A1960093BAAF /* Products */,
			);
			sourceTree = "<group>";
		};
		9B8064162103A1960093BAAF /* Products */ = {
			isa = PBXGroup;
			children = (
				9B8064152103A1960093BAAF /* Day07 */,
			);
			name = Products;
			sourceTree = "<group>";
		};
		9B8064172103A1960093BAAF /* Day07 */ = {
			isa = PBXGroup;
			children = (
				9B8064182103A1960093BAAF /* main.swift */,
				9B80641F2103A1A80093BAAF /* Employee.swift */,
				9B8064232103A2D10093BAAF /* Protocol.swift */,
				9B8064252103A57F0093BAAF /* PermanentEmp.swift */,
				9B8064272103AD030093BAAF /* TempEmp.swift */,
				9B8064292103B4950093BAAF /* Extensions.swift */,
			);
			path = Day07;
			sourceTree = "<group>";
		};
/* End PBXGroup section */

/* Begin PBXNativeTarget section */
		9B8064142103A1960093BAAF /* Day07 */ = {
			isa = PBXNativeTarget;
			buildConfigurationList = 9B80641C2103A1960093BAAF /* Build configuration list for PBXNativeTarget "Day07" */;
			buildPhases = (
				9B8064112103A1960093BAAF /* Sources */,
				9B8064122103A1960093BAAF /* Frameworks */,
				9B8064132103A1960093BAAF /* CopyFiles */,
			);
			buildRules = (
			);
			dependencies = (
			);
			name = Day07;
			productName = Day07;
			productReference = 9B8064152103A1960093BAAF /* Day07 */;
			productType = "com.apple.product-type.tool";
		};
/* End PBXNativeTarget section */

/* Begin PBXProject section */
		9B80640D2103A1960093BAAF /* Project object */ = {
			isa = PBXProject;
			attributes = {
				LastSwiftUpdateCheck = 0930;
				LastUpgradeCheck = 0930;
				ORGANIZATIONNAME = MacStudent;
				TargetAttributes = {
					9B8064142103A1960093BAAF = {
						CreatedOnToolsVersion = 9.3;
					};
				};
			};
			buildConfigurationList = 9B8064102103A1960093BAAF /* Build configuration list for PBXProject "Day07" */;
			compatibilityVersion = "Xcode 9.3";
			developmentRegion = en;
			hasScannedForEncodings = 0;
			knownRegions = (
				en,
			);
			mainGroup = 9B80640C2103A1960093BAAF;
			productRefGroup = 9B8064162103A1960093BAAF /* Products */;
			projectDirPath = "";
			projectRoot = "";
			targets = (
				9B8064142103A1960093BAAF /* Day07 */,
			);
		};
/* End PBXProject section */

/* Begin PBXSourcesBuildPhase section */
		9B8064112103A1960093BAAF /* Sources */ = {
			isa = PBXSourcesBuildPhase;
			buildActionMask = 2147483647;
			files = (
				9B8064192103A1960093BAAF /* main.swift in Sources */,
				9B80642A2103B4950093BAAF /* Extensions.swift in Sources */,
				9B8064262103A57F0093BAAF /* PermanentEmp.swift in Sources */,
				9B8064282103AD030093BAAF /* TempEmp.swift in Sources */,
				9B8064202103A1A80093BAAF /* Employee.swift in Sources */,
				9B8064242103A2D10093BAAF /* Protocol.swift in Sources */,
			);
			runOnlyForDeploymentPostprocessing = 0;
		};
/* End PBXSourcesBuildPhase section */

/* Begin XCBuildConfiguration section */
		9B80641A2103A1960093BAAF /* Debug */ = {
			isa = XCBuildConfiguration;
			buildSettings = {
				ALWAYS_SEARCH_USER_PATHS = NO;
				CLANG_ANALYZER_NONNULL = YES;
				CLANG_ANALYZER_NUMBER_OBJECT_CONVERSION = YES_AGGRESSIVE;
				CLANG_CXX_LANGUAGE_STANDARD = "gnu++14";
				CLANG_CXX_LIBRARY = "libc++";
				CLANG_ENABLE_MODULES = YES;
				CLANG_ENABLE_OBJC_ARC = YES;
				CLANG_ENABLE_OBJC_WEAK = YES;
				CLANG_WARN_BLOCK_CAPTURE_AUTORELEASING = YES;
				CLANG_WARN_BOOL_CONVERSION = YES;
				CLANG_WARN_COMMA = YES;
				CLANG_WARN_CONSTANT_CONVERSION = YES;
				CLANG_WARN_DEPRECATED_OBJC_IMPLEMENTATIONS = YES;
				CLANG_WARN_DIRECT_OBJC_ISA_USAGE = YES_ERROR;
				CLANG_WARN_DOCUMENTATION_COMMENTS = YES;
				CLANG_WARN_EMPTY_BODY = YES;
				CLANG_WARN_ENUM_CONVERSION = YES;
				CLANG_WARN_INFINITE_RECURSION = YES;
				CLANG_WARN_INT_CONVERSION = YES;
				CLANG_WARN_NON_LITERAL_NULL_CONVERSION = YES;
				CLANG_WARN_OBJC_IMPLICIT_RETAIN_SELF = YES;
				CLANG_WARN_OBJC_LITERAL_CONVERSION = YES;
				CLANG_WARN_OBJC_ROOT_CLASS = YES_ERROR;
				CLANG_WARN_RANGE_LOOP_ANALYSIS = YES;
				CLANG_WARN_STRICT_PROTOTYPES = YES;
				CLANG_WARN_SUSPICIOUS_MOVE = YES;
				CLANG_WARN_UNGUARDED_AVAILABILITY = YES_AGGRESSIVE;
				CLANG_WARN_UNREACHABLE_CODE = YES;
				CLANG_WARN__DUPLICATE_METHOD_MATCH = YES;
				CODE_SIGN_IDENTITY = "-";
				COPY_PHASE_STRIP = NO;
				DEBUG_INFORMATION_FORMAT = dwarf;
				ENABLE_STRICT_OBJC_MSGSEND = YES;
				ENABLE_TESTABILITY = YES;
				GCC_C_LANGUAGE_STANDARD = gnu11;
				GCC_DYNAMIC_NO_PIC = NO;
				GCC_NO_COMMON_BLOCKS = YES;
				GCC_OPTIMIZATION_LEVEL = 0;
				GCC_PREPROCESSOR_DEFINITIONS = (
					"DEBUG=1",
					"$(inherited)",
				);
				GCC_WARN_64_TO_32_BIT_CONVERSION = YES;
				GCC_WARN_ABOUT_RETURN_TYPE = YES_ERROR;
				GCC_WARN_UNDECLARED_SELECTOR = YES;
				GCC_WARN_UNINITIALIZED_AUTOS = YES_AGGRESSIVE;
				GCC_WARN_UNUSED_FUNCTION = YES;
				GCC_WARN_UNUSED_VARIABLE = YES;
				MACOSX_DEPLOYMENT_TARGET = 10.13;
				MTL_ENABLE_DEBUG_INFO = YES;
				ONLY_ACTIVE_ARCH = YES;
				SDKROOT = macosx;
				SWIFT_ACTIVE_COMPILATION_CONDITIONS = DEBUG;
				SWIFT_OPTIMIZATION_LEVEL = "-Onone";
			};
			name = Debug;
		};
		9B80641B2103A1960093BAAF /* Release */ = {
			isa = XCBuildConfiguration;
			buildSettings = {
				ALWAYS_SEARCH_USER_PATHS = NO;
				CLANG_ANALYZER_NONNULL = YES;
				CLANG_ANALYZER_NUMBER_OBJECT_CONVERSION = YES_AGGRESSIVE;
				CLANG_CXX_LANGUAGE_STANDARD = "gnu++14";
				CLANG_CXX_LIBRARY = "libc++";
				CLANG_ENABLE_MODULES = YES;
				CLANG_ENABLE_OBJC_ARC = YES;
				CLANG_ENABLE_OBJC_WEAK = YES;
				CLANG_WARN_BLOCK_CAPTURE_AUTORELEASING = YES;
				CLANG_WARN_BOOL_CONVERSION = YES;
				CLANG_WARN_COMMA = YES;
				CLANG_WARN_CONSTANT_CONVERSION = YES;
				CLANG_WARN_DEPRECATED_OBJC_IMPLEMENTATIONS = YES;
				CLANG_WARN_DIRECT_OBJC_ISA_USAGE = YES_ERROR;
				CLANG_WARN_DOCUMENTATION_COMMENTS = YES;
				CLANG_WARN_EMPTY_BODY = YES;
				CLANG_WARN_ENUM_CONVERSION = YES;
				CLANG_WARN_INFINITE_RECURSION = YES;
				CLANG_WARN_INT_CONVERSION = YES;
				CLANG_WARN_NON_LITERAL_NULL_CONVERSION = YES;
				CLANG_WARN_OBJC_IMPLICIT_RETAIN_SELF = YES;
				CLANG_WARN_OBJC_LITERAL_CONVERSION = YES;
				CLANG_WARN_OBJC_ROOT_CLASS = YES_ERROR;
				CLANG_WARN_RANGE_LOOP_ANALYSIS = YES;
				CLANG_WARN_STRICT_PROTOTYPES = YES;
				CLANG_WARN_SUSPICIOUS_MOVE = YES;
				CLANG_WARN_UNGUARDED_AVAILABILITY = YES_AGGRESSIVE;
				CLANG_WARN_UNREACHABLE_CODE = YES;
				CLANG_WARN__DUPLICATE_METHOD_MATCH = YES;
				CODE_SIGN_IDENTITY = "-";
				COPY_PHASE_STRIP = NO;
				DEBUG_INFORMATION_FORMAT = "dwarf-with-dsym";
				ENABLE_NS_ASSERTIONS = NO;
				ENABLE_STRICT_OBJC_MSGSEND = YES;
				GCC_C_LANGUAGE_STANDARD = gnu11;
				GCC_NO_COMMON_BLOCKS = YES;
				GCC_WARN_64_TO_32_BIT_CONVERSION = YES;
				GCC_WARN_ABOUT_RETURN_TYPE = YES_ERROR;
				GCC_WARN_UNDECLARED_SELECTOR = YES;
				GCC_WARN_UNINITIALIZED_AUTOS = YES_AGGRESSIVE;
				GCC_WARN_UNUSED_FUNCTION = YES;
				GCC_WARN_UNUSED_VARIABLE = YES;
				MACOSX_DEPLOYMENT_TARGET = 10.13;
				MTL_ENABLE_DEBUG_INFO = NO;
				SDKROOT = macosx;
				SWIFT_COMPILATION_MODE = wholemodule;
				SWIFT_OPTIMIZATION_LEVEL = "-O";
			};
			name = Release;
		};
		9B80641D2103A1960093BAAF /* Debug */ = {
			isa = XCBuildConfiguration;
			buildSettings = {
				CODE_SIGN_STYLE = Automatic;
				PRODUCT_NAME = "$(TARGET_NAME)";
				SWIFT_VERSION = 4.0;
			};
			name = Debug;
		};
		9B80641E2103A1960093BAAF /* Release */ = {
			isa = XCBuildConfiguration;
			buildSettings = {
				CODE_SIGN_STYLE = Automatic;
				PRODUCT_NAME = "$(TARGET_NAME)";
				SWIFT_VERSION = 4.0;
			};
			name = Release;
		};
/* End XCBuildConfiguration section */

/* Begin XCConfigurationList section */
		9B8064102103A1960093BAAF /* Build configuration list for PBXProject "Day07" */ = {
			isa = XCConfigurationList;
			buildConfigurations = (
				9B80641A2103A1960093BAAF /* Debug */,
				9B80641B2103A1960093BAAF /* Release */,
			);
			defaultConfigurationIsVisible = 0;
			defaultConfigurationName = Release;
		};
		9B80641C2103A1960093BAAF /* Build configuration list for PBXNativeTarget "Day07" */ = {
			isa = XCConfigurationList;
			buildConfigurations = (
				9B80641D2103A1960093BAAF /* Debug */,
				9B80641E2103A1960093BAAF /* Release */,
			);
			defaultConfigurationIsVisible = 0;
			defaultConfigurationName = Release;
		};
/* End XCConfigurationList section */
	};
	rootObject = 9B80640D2103A1960093BAAF /* Project object */;
}
